<?xml version="1.0" encoding="utf-8"?>
<Project ToolsVersion="4.0" xmlns="http://schemas.microsoft.com/developer/msbuild/2003">
  <ItemGroup>
    <Filter Include="源文件">
      <UniqueIdentifier>{4FC737F1-C7A5-4376-A066-2A32D752A2FF}</UniqueIdentifier>
      <Extensions>cpp;c;cc;cxx;c++;cppm;ixx;def;odl;idl;hpj;bat;asm;asmx</Extensions>
    </Filter>
    <Filter Include="头文件">
      <UniqueIdentifier>{93995380-89BD-4b04-88EB-625FBE52EBFB}</UniqueIdentifier>
      <Extensions>h;hh;hpp;hxx;h++;hm;inl;inc;ipp;xsd</Extensions>
    </Filter>
    <Filter Include="资源文件">
      <UniqueIdentifier>{67DA6AB6-F800-4c08-8B7A-83BB121AAD01}</UniqueIdentifier>
      <Extensions>rc;ico;cur;bmp;dlg;rc2;rct;bin;rgs;gif;jpg;jpeg;jpe;resx;tiff;tif;png;wav;mfcribbon-ms</Extensions>
    </Filter>
    <Filter Include="头文件\model">
      <UniqueIdentifier>{5e859469-b953-4e2f-aace-8092fd0560a9}</UniqueIdentifier>
    </Filter>
    <Filter Include="源文件\model">
      <UniqueIdentifier>{dd530d4d-4606-4fab-aa5b-e3a84297d13b}</UniqueIdentifier>
    </Filter>
    <Filter Include="头文件\learnopengl">
      <UniqueIdentifier>{686a762f-478c-4f52-bfe1-b2d1c0d91a0b}</UniqueIdentifier>
    </Filter>
    <Filter Include="源文件\shader">
      <UniqueIdentifier>{256ff781-3a9b-4632-a72a-ac48ac53d16e}</UniqueIdentifier>
    </Filter>
    <Filter Include="头文件\shader">
      <UniqueIdentifier>{faf24a19-ee54-4869-a3bc-71b22fd5f8dc}</UniqueIdentifier>
    </Filter>
    <Filter Include="源文件\learnopengl">
      <UniqueIdentifier>{83692240-a1e1-4bc7-9b96-f478af0f8d8c}</UniqueIdentifier>
    </Filter>
  </ItemGroup>
  <ItemGroup>
    <ClCompile Include="src\BulletWorld.cpp">
      <Filter>源文件</Filter>
    </ClCompile>
    <ClCompile Include="src\main.cpp">
      <Filter>源文件</Filter>
    </ClCompile>
    <ClCompile Include="src\model\MovingObject.cpp">
      <Filter>源文件\model</Filter>
    </ClCompile>
    <ClCompile Include="include\glad\glad.c">
      <Filter>源文件</Filter>
    </ClCompile>
    <ClCompile Include="src\model\StaticObject.cpp">
      <Filter>源文件\model</Filter>
    </ClCompile>
    <ClCompile Include="src\GutenbergScene.cpp">
      <Filter>源文件</Filter>
    </ClCompile>
    <ClCompile Include="src\shader\MultiLightShader.cpp">
      <Filter>源文件\shader</Filter>
    </ClCompile>
    <ClCompile Include="src\learnopengl\model.cpp">
      <Filter>源文件\learnopengl</Filter>
    </ClCompile>
    <ClCompile Include="src\learnopengl\shader.cpp">
      <Filter>源文件\learnopengl</Filter>
    </ClCompile>
  </ItemGroup>
  <ItemGroup>
    <ClInclude Include="src\BulletWorld.h">
      <Filter>头文件</Filter>
    </ClInclude>
    <ClInclude Include="src\model\MovingObject.h">
      <Filter>头文件\model</Filter>
    </ClInclude>
    <ClInclude Include="src\learnopengl\camera.h">
      <Filter>头文件\learnopengl</Filter>
    </ClInclude>
    <ClInclude Include="src\learnopengl\mesh.h">
      <Filter>头文件\learnopengl</Filter>
    </ClInclude>
    <ClInclude Include="src\learnopengl\model.h">
      <Filter>头文件\learnopengl</Filter>
    </ClInclude>
    <ClInclude Include="src\learnopengl\shader.h">
      <Filter>头文件\learnopengl</Filter>
    </ClInclude>
    <ClInclude Include="src\model\StaticObject.h">
      <Filter>头文件\model</Filter>
    </ClInclude>
    <ClInclude Include="src\GutenbergScene.h">
      <Filter>头文件</Filter>
    </ClInclude>
    <ClInclude Include="src\shader\MultiLightShader.h">
      <Filter>头文件\shader</Filter>
    </ClInclude>
  </ItemGroup>
</Project>